
Microsoft Visual Studio Solution File, Format Version 12.00
# Visual Studio Version 18
VisualStudioVersion = 18.0.11205.157
MinimumVisualStudioVersion = 10.0.40219.1
Project("{FAE04EC0-301F-11D3-BF4B-00C04F79EFBC}") = "NexOrder.UserService", "NexOrder.UserService\NexOrder.UserService.csproj", "{1032E946-BB48-7CCE-3141-B71F2E420F3F}"
EndProject
Project("{FAE04EC0-301F-11D3-BF4B-00C04F79EFBC}") = "NexOrder.UserService.Application", "NexOrder.UserService.Application\NexOrder.UserService.Application.csproj", "{ACA2B0B7-CC73-8AA2-2B66-B34D99B739E3}"
EndProject
Project("{FAE04EC0-301F-11D3-BF4B-00C04F79EFBC}") = "NexOrder.UserService.Shared", "NexOrder.UserService.Shared\NexOrder.UserService.Shared.csproj", "{0CC82C56-FE41-7523-22F8-9C0CC8E16A8F}"
EndProject
Project("{FAE04EC0-301F-11D3-BF4B-00C04F79EFBC}") = "NexOrder.UserService.Domain", "NexOrder.UserService.Domain\NexOrder.UserService.Domain.csproj", "{079D11BD-2513-44BA-8611-0AECAFB38C5C}"
EndProject
Project("{FAE04EC0-301F-11D3-BF4B-00C04F79EFBC}") = "NexOrder.UserService.Infrastructure", "NexOrder.UserService.Infrastructure\NexOrder.UserService.Infrastructure.csproj", "{752B4E9F-8260-4A41-B8F9-3C45D0FC38DF}"
EndProject
Global
	GlobalSection(SolutionConfigurationPlatforms) = preSolution
		Debug|Any CPU = Debug|Any CPU
		Release|Any CPU = Release|Any CPU
	EndGlobalSection
	GlobalSection(ProjectConfigurationPlatforms) = postSolution
		{1032E946-BB48-7CCE-3141-B71F2E420F3F}.Debug|Any CPU.ActiveCfg = Debug|Any CPU
		{1032E946-BB48-7CCE-3141-B71F2E420F3F}.Debug|Any CPU.Build.0 = Debug|Any CPU
		{1032E946-BB48-7CCE-3141-B71F2E420F3F}.Release|Any CPU.ActiveCfg = Release|Any CPU
		{1032E946-BB48-7CCE-3141-B71F2E420F3F}.Release|Any CPU.Build.0 = Release|Any CPU
		{ACA2B0B7-CC73-8AA2-2B66-B34D99B739E3}.Debug|Any CPU.ActiveCfg = Debug|Any CPU
		{ACA2B0B7-CC73-8AA2-2B66-B34D99B739E3}.Debug|Any CPU.Build.0 = Debug|Any CPU
		{ACA2B0B7-CC73-8AA2-2B66-B34D99B739E3}.Release|Any CPU.ActiveCfg = Release|Any CPU
		{ACA2B0B7-CC73-8AA2-2B66-B34D99B739E3}.Release|Any CPU.Build.0 = Release|Any CPU
		{0CC82C56-FE41-7523-22F8-9C0CC8E16A8F}.Debug|Any CPU.ActiveCfg = Debug|Any CPU
		{0CC82C56-FE41-7523-22F8-9C0CC8E16A8F}.Debug|Any CPU.Build.0 = Debug|Any CPU
		{0CC82C56-FE41-7523-22F8-9C0CC8E16A8F}.Release|Any CPU.ActiveCfg = Release|Any CPU
		{0CC82C56-FE41-7523-22F8-9C0CC8E16A8F}.Release|Any CPU.Build.0 = Release|Any CPU
		{079D11BD-2513-44BA-8611-0AECAFB38C5C}.Debug|Any CPU.ActiveCfg = Debug|Any CPU
		{079D11BD-2513-44BA-8611-0AECAFB38C5C}.Debug|Any CPU.Build.0 = Debug|Any CPU
		{079D11BD-2513-44BA-8611-0AECAFB38C5C}.Release|Any CPU.ActiveCfg = Release|Any CPU
		{079D11BD-2513-44BA-8611-0AECAFB38C5C}.Release|Any CPU.Build.0 = Release|Any CPU
		{752B4E9F-8260-4A41-B8F9-3C45D0FC38DF}.Debug|Any CPU.ActiveCfg = Debug|Any CPU
		{752B4E9F-8260-4A41-B8F9-3C45D0FC38DF}.Debug|Any CPU.Build.0 = Debug|Any CPU
		{752B4E9F-8260-4A41-B8F9-3C45D0FC38DF}.Release|Any CPU.ActiveCfg = Release|Any CPU
		{752B4E9F-8260-4A41-B8F9-3C45D0FC38DF}.Release|Any CPU.Build.0 = Release|Any CPU
	EndGlobalSection
	GlobalSection(SolutionProperties) = preSolution
		HideSolutionNode = FALSE
	EndGlobalSection
	GlobalSection(ExtensibilityGlobals) = postSolution
		SolutionGuid = {B38ED58D-2AAF-44F2-B4E9-8E28D2F57EFB}
	EndGlobalSection
EndGlobal
